record_type: future_image_artifact_manifest
manifest_id: exp_stage4e_audio_fixture_source_lock
purpose: Source-lock historical audio fixture metadata without audio or spectrogram
  analysis.
stage: stage4e
execution_enabled: false
cuda_enabled: false
raw_outputs_committed: false
generated_outputs_committed: false
solve_claim: false
trusted_as_canonical: false
notes: Queued only; requires explicit future stage before execution.
